
Microsoft Visual Studio Solution File, Format Version 12.00
# Visual Studio Version 17
VisualStudioVersion = 17.2.32630.192
MinimumVisualStudioVersion = 10.0.40219.1
Project("{FAE04EC0-301F-11D3-BF4B-00C04F79EFBC}") = "API", "API\API.csproj", "{B7EA6E80-19D0-4924-8446-0A5981459C71}"
EndProject
Project("{FAE04EC0-301F-11D3-BF4B-00C04F79EFBC}") = "Application", "Application\Application.csproj", "{EF791218-2A8C-48A6-A49B-ED523B4D09D3}"
EndProject
Project("{FAE04EC0-301F-11D3-BF4B-00C04F79EFBC}") = "Domain", "Domain\Domain.csproj", "{5B179084-68E8-4585-83D5-91C2568A6076}"
EndProject
Project("{FAE04EC0-301F-11D3-BF4B-00C04F79EFBC}") = "Persistence", "Persistence\Persistence.csproj", "{C9A61CC2-4A4A-4F67-9D87-1CC8BB9193E0}"
EndProject
Project("{2150E333-8FDC-42A3-9474-1A3956D46DE8}") = "client", "client", "{CBC964C7-E4AB-4E03-A509-24962C32FA08}"
EndProject
Global
	GlobalSection(SolutionConfigurationPlatforms) = preSolution
		Debug|Any CPU = Debug|Any CPU
		Release|Any CPU = Release|Any CPU
	EndGlobalSection
	GlobalSection(ProjectConfigurationPlatforms) = postSolution
		{B7EA6E80-19D0-4924-8446-0A5981459C71}.Debug|Any CPU.ActiveCfg = Debug|Any CPU
		{B7EA6E80-19D0-4924-8446-0A5981459C71}.Debug|Any CPU.Build.0 = Debug|Any CPU
		{B7EA6E80-19D0-4924-8446-0A5981459C71}.Release|Any CPU.ActiveCfg = Release|Any CPU
		{B7EA6E80-19D0-4924-8446-0A5981459C71}.Release|Any CPU.Build.0 = Release|Any CPU
		{EF791218-2A8C-48A6-A49B-ED523B4D09D3}.Debug|Any CPU.ActiveCfg = Debug|Any CPU
		{EF791218-2A8C-48A6-A49B-ED523B4D09D3}.Debug|Any CPU.Build.0 = Debug|Any CPU
		{EF791218-2A8C-48A6-A49B-ED523B4D09D3}.Release|Any CPU.ActiveCfg = Release|Any CPU
		{EF791218-2A8C-48A6-A49B-ED523B4D09D3}.Release|Any CPU.Build.0 = Release|Any CPU
		{5B179084-68E8-4585-83D5-91C2568A6076}.Debug|Any CPU.ActiveCfg = Debug|Any CPU
		{5B179084-68E8-4585-83D5-91C2568A6076}.Debug|Any CPU.Build.0 = Debug|Any CPU
		{5B179084-68E8-4585-83D5-91C2568A6076}.Release|Any CPU.ActiveCfg = Release|Any CPU
		{5B179084-68E8-4585-83D5-91C2568A6076}.Release|Any CPU.Build.0 = Release|Any CPU
		{C9A61CC2-4A4A-4F67-9D87-1CC8BB9193E0}.Debug|Any CPU.ActiveCfg = Debug|Any CPU
		{C9A61CC2-4A4A-4F67-9D87-1CC8BB9193E0}.Debug|Any CPU.Build.0 = Debug|Any CPU
		{C9A61CC2-4A4A-4F67-9D87-1CC8BB9193E0}.Release|Any CPU.ActiveCfg = Release|Any CPU
		{C9A61CC2-4A4A-4F67-9D87-1CC8BB9193E0}.Release|Any CPU.Build.0 = Release|Any CPU
	EndGlobalSection
	GlobalSection(SolutionProperties) = preSolution
		HideSolutionNode = FALSE
	EndGlobalSection
	GlobalSection(ExtensibilityGlobals) = postSolution
		SolutionGuid = {22E4C3E3-A36C-49D8-887C-CA4D1B449EE7}
	EndGlobalSection
EndGlobal
